// !$*UTF8*$!
{
	archiveVersion = 1;
	classes = {
	};
	objectVersion = 46;
	objects = {

/* Begin PBXBuildFile section */
		4DC7B8271AF6B24E004BBB9D /* AppDelegate.swift in Sources */ = {isa = PBXBuildFile; fileRef = 4DC7B8261AF6B24E004BBB9D /* AppDelegate.swift */; };
		4DC7B8291AF6B24E004BBB9D /* ViewController.swift in Sources */ = {isa = PBXBuildFile; fileRef = 4DC7B8281AF6B24E004BBB9D /* ViewController.swift */; };
		4DC7B82C1AF6B24E004BBB9D /* Main.storyboard in Resources */ = {isa = PBXBuildFile; fileRef = 4DC7B82A1AF6B24E004BBB9D /* Main.storyboard */; };
		4DC7B82E1AF6B24E004BBB9D /* Images.xcassets in Resources */ = {isa = PBXBuildFile; fileRef = 4DC7B82D1AF6B24E004BBB9D /* Images.xcassets */; };
		4DC7B8311AF6B24E004BBB9D /* LaunchScreen.xib in Resources */ = {isa = PBXBuildFile; fileRef = 4DC7B82F1AF6B24E004BBB9D /* LaunchScreen.xib */; };
		4DC7B83D1AF6B24E004BBB9D /* SmashtagTests.swift in Sources */ = {isa = PBXBuildFile; fileRef = 4DC7B83C1AF6B24E004BBB9D /* SmashtagTests.swift */; };
/* End PBXBuildFile section */

/* Begin PBXContainerItemProxy section */
		4DC7B8371AF6B24E004BBB9D /* PBXContainerItemProxy */ = {
			isa = PBXContainerItemProxy;
			containerPortal = 4DC7B8191AF6B24E004BBB9D /* Project object */;
			proxyType = 1;
			remoteGlobalIDString = 4DC7B8201AF6B24E004BBB9D;
			remoteInfo = Smashtag;
		};
/* End PBXContainerItemProxy section */

/* Begin PBXFileReference section */
		4DC7B8211AF6B24E004BBB9D /* Smashtag.app */ = {isa = PBXFileReference; explicitFileType = wrapper.application; includeInIndex = 0; path = Smashtag.app; sourceTree = BUILT_PRODUCTS_DIR; };
		4DC7B8251AF6B24E004BBB9D /* Info.plist */ = {isa = PBXFileReference; lastKnownFileType = text.plist.xml; path = Info.plist; sourceTree = "<group>"; };
		4DC7B8261AF6B24E004BBB9D /* AppDelegate.swift */ = {isa = PBXFileReference; lastKnownFileType = sourcecode.swift; path = AppDelegate.swift; sourceTree = "<group>"; };
		4DC7B8281AF6B24E004BBB9D /* ViewController.swift */ = {isa = PBXFileReference; lastKnownFileType = sourcecode.swift; path = ViewController.swift; sourceTree = "<group>"; };
		4DC7B82B1AF6B24E004BBB9D /* Base */ = {isa = PBXFileReference; lastKnownFileType = file.storyboard; name = Base; path = Base.lproj/Main.storyboard; sourceTree = "<group>"; };
		4DC7B82D1AF6B24E004BBB9D /* Images.xcassets */ = {isa = PBXFileReference; lastKnownFileType = folder.assetcatalog; path = Images.xcassets; sourceTree = "<group>"; };
		4DC7B8301AF6B24E004BBB9D /* Base */ = {isa = PBXFileReference; lastKnownFileType = file.xib; name = Base; path = Base.lproj/LaunchScreen.xib; sourceTree = "<group>"; };
		4DC7B8361AF6B24E004BBB9D /* SmashtagTests.xctest */ = {isa = PBXFileReference; explicitFileType = wrapper.cfbundle; includeInIndex = 0; path = SmashtagTests.xctest; sourceTree = BUILT_PRODUCTS_DIR; };
		4DC7B83B1AF6B24E004BBB9D /* Info.plist */ = {isa = PBXFileReference; lastKnownFileType = text.plist.xml; path = Info.plist; sourceTree = "<group>"; };
		4DC7B83C1AF6B24E004BBB9D /* SmashtagTests.swift */ = {isa = PBXFileReference; lastKnownFileType = sourcecode.swift; path = SmashtagTests.swift; sourceTree = "<group>"; };
/* End PBXFileReference section */

/* Begin PBXFrameworksBuildPhase section */
		4DC7B81E1AF6B24E004BBB9D /* Frameworks */ = {
			isa = PBXFrameworksBuildPhase;
			buildActionMask = 2147483647;
			files = (
			);
			runOnlyForDeploymentPostprocessing = 0;
		};
		4DC7B8331AF6B24E004BBB9D /* Frameworks */ = {
			isa = PBXFrameworksBuildPhase;
			buildActionMask = 2147483647;
			files = (
			);
			runOnlyForDeploymentPostprocessing = 0;
		};
/* End PBXFrameworksBuildPhase section */

/* Begin PBXGroup section */
		4DC7B8181AF6B24E004BBB9D = {
			isa = PBXGroup;
			children = (
				4DC7B8231AF6B24E004BBB9D /* Smashtag */,
				4DC7B8391AF6B24E004BBB9D /* SmashtagTests */,
				4DC7B8221AF6B24E004BBB9D /* Products */,
			);
			sourceTree = "<group>";
		};
		4DC7B8221AF6B24E004BBB9D /* Products */ = {
			isa = PBXGroup;
			children = (
				4DC7B8211AF6B24E004BBB9D /* Smashtag.app */,
				4DC7B8361AF6B24E004BBB9D /* SmashtagTests.xctest */,
			);
			name = Products;
			sourceTree = "<group>";
		};
		4DC7B8231AF6B24E004BBB9D /* Smashtag */ = {
			isa = PBXGroup;
			children = (
				4DC7B8261AF6B24E004BBB9D /* AppDelegate.swift */,
				4DC7B8281AF6B24E004BBB9D /* ViewController.swift */,
				4DC7B82A1AF6B24E004BBB9D /* Main.storyboard */,
				4DC7B82D1AF6B24E004BBB9D /* Images.xcassets */,
				4DC7B82F1AF6B24E004BBB9D /* LaunchScreen.xib */,
				4DC7B8241AF6B24E004BBB9D /* Supporting Files */,
			);
			path = Smashtag;
			sourceTree = "<group>";
		};
		4DC7B8241AF6B24E004BBB9D /* Supporting Files */ = {
			isa = PBXGroup;
			children = (
				4DC7B8251AF6B24E004BBB9D /* Info.plist */,
			);
			name = "Supporting Files";
			sourceTree = "<group>";
		};
		4DC7B8391AF6B24E004BBB9D /* SmashtagTests */ = {
			isa = PBXGroup;
			children = (
				4DC7B83C1AF6B24E004BBB9D /* SmashtagTests.swift */,
				4DC7B83A1AF6B24E004BBB9D /* Supporting Files */,
			);
			path = SmashtagTests;
			sourceTree = "<group>";
		};
		4DC7B83A1AF6B24E004BBB9D /* Supporting Files */ = {
			isa = PBXGroup;
			children = (
				4DC7B83B1AF6B24E004BBB9D /* Info.plist */,
			);
			name = "Supporting Files";
			sourceTree = "<group>";
		};
/* End PBXGroup section */

/* Begin PBXNativeTarget section */
		4DC7B8201AF6B24E004BBB9D /* Smashtag */ = {
			isa = PBXNativeTarget;
			buildConfigurationList = 4DC7B8401AF6B24E004BBB9D /* Build configuration list for PBXNativeTarget "Smashtag" */;
			buildPhases = (
				4DC7B81D1AF6B24E004BBB9D /* Sources */,
				4DC7B81E1AF6B24E004BBB9D /* Frameworks */,
				4DC7B81F1AF6B24E004BBB9D /* Resources */,
			);
			buildRules = (
			);
			dependencies = (
			);
			name = Smashtag;
			productName = Smashtag;
			productReference = 4DC7B8211AF6B24E004BBB9D /* Smashtag.app */;
			productType = "com.apple.product-type.application";
		};
		4DC7B8351AF6B24E004BBB9D /* SmashtagTests */ = {
			isa = PBXNativeTarget;
			buildConfigurationList = 4DC7B8431AF6B24E004BBB9D /* Build configuration list for PBXNativeTarget "SmashtagTests" */;
			buildPhases = (
				4DC7B8321AF6B24E004BBB9D /* Sources */,
				4DC7B8331AF6B24E004BBB9D /* Frameworks */,
				4DC7B8341AF6B24E004BBB9D /* Resources */,
			);
			buildRules = (
			);
			dependencies = (
				4DC7B8381AF6B24E004BBB9D /* PBXTargetDependency */,
			);
			name = SmashtagTests;
			productName = SmashtagTests;
			productReference = 4DC7B8361AF6B24E004BBB9D /* SmashtagTests.xctest */;
			productType = "com.apple.product-type.bundle.unit-test";
		};
/* End PBXNativeTarget section */

/* Begin PBXProject section */
		4DC7B8191AF6B24E004BBB9D /* Project object */ = {
			isa = PBXProject;
			attributes = {
				LastUpgradeCheck = 0630;
				ORGANIZATIONNAME = "Marcin Olek";
				TargetAttributes = {
					4DC7B8201AF6B24E004BBB9D = {
						CreatedOnToolsVersion = 6.3.1;
					};
					4DC7B8351AF6B24E004BBB9D = {
						CreatedOnToolsVersion = 6.3.1;
						TestTargetID = 4DC7B8201AF6B24E004BBB9D;
					};
				};
			};
			buildConfigurationList = 4DC7B81C1AF6B24E004BBB9D /* Build configuration list for PBXProject "Smashtag" */;
			compatibilityVersion = "Xcode 3.2";
			developmentRegion = English;
			hasScannedForEncodings = 0;
			knownRegions = (
				en,
				Base,
			);
			mainGroup = 4DC7B8181AF6B24E004BBB9D;
			productRefGroup = 4DC7B8221AF6B24E004BBB9D /* Products */;
			projectDirPath = "";
			projectRoot = "";
			targets = (
				4DC7B8201AF6B24E004BBB9D /* Smashtag */,
				4DC7B8351AF6B24E004BBB9D /* SmashtagTests */,
			);
		};
/* End PBXProject section */

/* Begin PBXResourcesBuildPhase section */
		4DC7B81F1AF6B24E004BBB9D /* Resources */ = {
			isa = PBXResourcesBuildPhase;
			buildActionMask = 2147483647;
			files = (
				4DC7B82C1AF6B24E004BBB9D /* Main.storyboard in Resources */,
				4DC7B8311AF6B24E004BBB9D /* LaunchScreen.xib in Resources */,
				4DC7B82E1AF6B24E004BBB9D /* Images.xcassets in Resources */,
			);
			runOnlyForDeploymentPostprocessing = 0;
		};
		4DC7B8341AF6B24E004BBB9D /* Resources */ = {
			isa = PBXResourcesBuildPhase;
			buildActionMask = 2147483647;
			files = (
			);
			runOnlyForDeploymentPostprocessing = 0;
		};
/* End PBXResourcesBuildPhase section */

/* Begin PBXSourcesBuildPhase section */
		4DC7B81D1AF6B24E004BBB9D /* Sources */ = {
			isa = PBXSourcesBuildPhase;
			buildActionMask = 2147483647;
			files = (
				4DC7B8291AF6B24E004BBB9D /* ViewController.swift in Sources */,
				4DC7B8271AF6B24E004BBB9D /* AppDelegate.swift in Sources */,
			);
			runOnlyForDeploymentPostprocessing = 0;
		};
		4DC7B8321AF6B24E004BBB9D /* Sources */ = {
			isa = PBXSourcesBuildPhase;
			buildActionMask = 2147483647;
			files = (
				4DC7B83D1AF6B24E004BBB9D /* SmashtagTests.swift in Sources */,
			);
			runOnlyForDeploymentPostprocessing = 0;
		};
/* End PBXSourcesBuildPhase section */

/* Begin PBXTargetDependency section */
		4DC7B8381AF6B24E004BBB9D /* PBXTargetDependency */ = {
			isa = PBXTargetDependency;
			target = 4DC7B8201AF6B24E004BBB9D /* Smashtag */;
			targetProxy = 4DC7B8371AF6B24E004BBB9D /* PBXContainerItemProxy */;
		};
/* End PBXTargetDependency section */

/* Begin PBXVariantGroup section */
		4DC7B82A1AF6B24E004BBB9D /* Main.storyboard */ = {
			isa = PBXVariantGroup;
			children = (
				4DC7B82B1AF6B24E004BBB9D /* Base */,
			);
			name = Main.storyboard;
			sourceTree = "<group>";
		};
		4DC7B82F1AF6B24E004BBB9D /* LaunchScreen.xib */ = {
			isa = PBXVariantGroup;
			children = (
				4DC7B8301AF6B24E004BBB9D /* Base */,
			);
			name = LaunchScreen.xib;
			sourceTree = "<group>";
		};
/* End PBXVariantGroup section */

/* Begin XCBuildConfiguration section */
		4DC7B83E1AF6B24E004BBB9D /* Debug */ = {
			isa = XCBuildConfiguration;
			buildSettings = {
				ALWAYS_SEARCH_USER_PATHS = NO;
				CLANG_CXX_LANGUAGE_STANDARD = "gnu++0x";
				CLANG_CXX_LIBRARY = "libc++";
				CLANG_ENABLE_MODULES = YES;
				CLANG_ENABLE_OBJC_ARC = YES;
				CLANG_WARN_BOOL_CONVERSION = YES;
				CLANG_WARN_CONSTANT_CONVERSION = YES;
				CLANG_WARN_DIRECT_OBJC_ISA_USAGE = YES_ERROR;
				CLANG_WARN_EMPTY_BODY = YES;
				CLANG_WARN_ENUM_CONVERSION = YES;
				CLANG_WARN_INT_CONVERSION = YES;
				CLANG_WARN_OBJC_ROOT_CLASS = YES_ERROR;
				CLANG_WARN_UNREACHABLE_CODE = YES;
				CLANG_WARN__DUPLICATE_METHOD_MATCH = YES;
				"CODE_SIGN_IDENTITY[sdk=iphoneos*]" = "iPhone Developer";
				COPY_PHASE_STRIP = NO;
				DEBUG_INFORMATION_FORMAT = "dwarf-with-dsym";
				ENABLE_STRICT_OBJC_MSGSEND = YES;
				GCC_C_LANGUAGE_STANDARD = gnu99;
				GCC_DYNAMIC_NO_PIC = NO;
				GCC_NO_COMMON_BLOCKS = YES;
				GCC_OPTIMIZATION_LEVEL = 0;
				GCC_PREPROCESSOR_DEFINITIONS = (
					"DEBUG=1",
					"$(inherited)",
				);
				GCC_SYMBOLS_PRIVATE_EXTERN = NO;
				GCC_WARN_64_TO_32_BIT_CONVERSION = YES;
				GCC_WARN_ABOUT_RETURN_TYPE = YES_ERROR;
				GCC_WARN_UNDECLARED_SELECTOR = YES;
				GCC_WARN_UNINITIALIZED_AUTOS = YES_AGGRESSIVE;
				GCC_WARN_UNUSED_FUNCTION = YES;
				GCC_WARN_UNUSED_VARIABLE = YES;
				IPHONEOS_DEPLOYMENT_TARGET = 8.3;
				MTL_ENABLE_DEBUG_INFO = YES;
				ONLY_ACTIVE_ARCH = YES;
				SDKROOT = iphoneos;
				SWIFT_OPTIMIZATION_LEVEL = "-Onone";
			};
			name = Debug;
		};
		4DC7B83F1AF6B24E004BBB9D /* Release */ = {
			isa = XCBuildConfiguration;
			buildSettings = {
				ALWAYS_SEARCH_USER_PATHS = NO;
				CLANG_CXX_LANGUAGE_STANDARD = "gnu++0x";
				CLANG_CXX_LIBRARY = "libc++";
				CLANG_ENABLE_MODULES = YES;
				CLANG_ENABLE_OBJC_ARC = YES;
				CLANG_WARN_BOOL_CONVERSION = YES;
				CLANG_WARN_CONSTANT_CONVERSION = YES;
				CLANG_WARN_DIRECT_OBJC_ISA_USAGE = YES_ERROR;
				CLANG_WARN_EMPTY_BODY = YES;
				CLANG_WARN_ENUM_CONVERSION = YES;
				CLANG_WARN_INT_CONVERSION = YES;
				CLANG_WARN_OBJC_ROOT_CLASS = YES_ERROR;
				CLANG_WARN_UNREACHABLE_CODE = YES;
				CLANG_WARN__DUPLICATE_METHOD_MATCH = YES;
				"CODE_SIGN_IDENTITY[sdk=iphoneos*]" = "iPhone Developer";
				COPY_PHASE_STRIP = NO;
				DEBUG_INFORMATION_FORMAT = "dwarf-with-dsym";
				ENABLE_NS_ASSERTIONS = NO;
				ENABLE_STRICT_OBJC_MSGSEND = YES;
				GCC_C_LANGUAGE_STANDARD = gnu99;
				GCC_NO_COMMON_BLOCKS = YES;
				GCC_WARN_64_TO_32_BIT_CONVERSION = YES;
				GCC_WARN_ABOUT_RETURN_TYPE = YES_ERROR;
				GCC_WARN_UNDECLARED_SELECTOR = YES;
				GCC_WARN_UNINITIALIZED_AUTOS = YES_AGGRESSIVE;
				GCC_WARN_UNUSED_FUNCTION = YES;
				GCC_WARN_UNUSED_VARIABLE = YES;
				IPHONEOS_DEPLOYMENT_TARGET = 8.3;
				MTL_ENABLE_DEBUG_INFO = NO;
				SDKROOT = iphoneos;
				VALIDATE_PRODUCT = YES;
			};
			name = Release;
		};
		4DC7B8411AF6B24E004BBB9D /* Debug */ = {
			isa = XCBuildConfiguration;
			buildSettings = {
				ASSETCATALOG_COMPILER_APPICON_NAME = AppIcon;
				INFOPLIST_FILE = Smashtag/Info.plist;
				LD_RUNPATH_SEARCH_PATHS = "$(inherited) @executable_path/Frameworks";
				PRODUCT_NAME = "$(TARGET_NAME)";
			};
			name = Debug;
		};
		4DC7B8421AF6B24E004BBB9D /* Release */ = {
			isa = XCBuildConfiguration;
			buildSettings = {
				ASSETCATALOG_COMPILER_APPICON_NAME = AppIcon;
				INFOPLIST_FILE = Smashtag/Info.plist;
				LD_RUNPATH_SEARCH_PATHS = "$(inherited) @executable_path/Frameworks";
				PRODUCT_NAME = "$(TARGET_NAME)";
			};
			name = Release;
		};
		4DC7B8441AF6B24E004BBB9D /* Debug */ = {
			isa = XCBuildConfiguration;
			buildSettings = {
				BUNDLE_LOADER = "$(TEST_HOST)";
				FRAMEWORK_SEARCH_PATHS = (
					"$(SDKROOT)/Developer/Library/Frameworks",
					"$(inherited)",
				);
				GCC_PREPROCESSOR_DEFINITIONS = (
					"DEBUG=1",
					"$(inherited)",
				);
				INFOPLIST_FILE = SmashtagTests/Info.plist;
				LD_RUNPATH_SEARCH_PATHS = "$(inherited) @executable_path/Frameworks @loader_path/Frameworks";
				PRODUCT_NAME = "$(TARGET_NAME)";
				TEST_HOST = "$(BUILT_PRODUCTS_DIR)/Smashtag.app/Smashtag";
			};
			name = Debug;
		};
		4DC7B8451AF6B24E004BBB9D /* Release */ = {
			isa = XCBuildConfiguration;
			buildSettings = {
				BUNDLE_LOADER = "$(TEST_HOST)";
				FRAMEWORK_SEARCH_PATHS = (
					"$(SDKROOT)/Developer/Library/Frameworks",
					"$(inherited)",
				);
				INFOPLIST_FILE = SmashtagTests/Info.plist;
				LD_RUNPATH_SEARCH_PATHS = "$(inherited) @executable_path/Frameworks @loader_path/Frameworks";
				PRODUCT_NAME = "$(TARGET_NAME)";
				TEST_HOST = "$(BUILT_PRODUCTS_DIR)/Smashtag.app/Smashtag";
			};
			name = Release;
		};
/* End XCBuildConfiguration section */

/* Begin XCConfigurationList section */
		4DC7B81C1AF6B24E004BBB9D /* Build configuration list for PBXProject "Smashtag" */ = {
			isa = XCConfigurationList;
			buildConfigurations = (
				4DC7B83E1AF6B24E004BBB9D /* Debug */,
				4DC7B83F1AF6B24E004BBB9D /* Release */,
			);
			defaultConfigurationIsVisible = 0;
			defaultConfigurationName = Release;
		};
		4DC7B8401AF6B24E004BBB9D /* Build configuration list for PBXNativeTarget "Smashtag" */ = {
			isa = XCConfigurationList;
			buildConfigurations = (
				4DC7B8411AF6B24E004BBB9D /* Debug */,
				4DC7B8421AF6B24E004BBB9D /* Release */,
			);
			defaultConfigurationIsVisible = 0;
		};
		4DC7B8431AF6B24E004BBB9D /* Build configuration list for PBXNativeTarget "SmashtagTests" */ = {
			isa = XCConfigurationList;
			buildConfigurations = (
				4DC7B8441AF6B24E004BBB9D /* Debug */,
				4DC7B8451AF6B24E004BBB9D /* Release */,
			);
			defaultConfigurationIsVisible = 0;
		};
/* End XCConfigurationList section */
	};
	rootObject = 4DC7B8191AF6B24E004BBB9D /* Project object */;
}
